
Microsoft Visual Studio Solution File, Format Version 12.00
# Visual Studio Version 17
VisualStudioVersion = 17.7.34003.232
MinimumVisualStudioVersion = 10.0.40219.1
Project("{9A19103F-16F7-4668-BE54-9A1E7A4F7556}") = "WinFormsApp_ATM", "WinFormsApp_ATM.csproj", "{3447756B-E52D-43F0-B3E2-43C3CA10475B}"
EndProject
Project("{FAE04EC0-301F-11D3-BF4B-00C04F79EFBC}") = "ATMLibrary", "..\ATMLibrary\ATMLibrary.csproj", "{7DA920E4-F0D7-4485-A3A2-C31931C37017}"
EndProject
Project("{FAE04EC0-301F-11D3-BF4B-00C04F79EFBC}") = "ATMLibrary.Test", "..\ATMLibrary.Test\ATMLibrary.Test.csproj", "{30EBF382-AE09-4D0F-B9EB-9221C1ACB5EB}"
EndProject
Global
	GlobalSection(SolutionConfigurationPlatforms) = preSolution
		Debug|Any CPU = Debug|Any CPU
		Release|Any CPU = Release|Any CPU
	EndGlobalSection
	GlobalSection(ProjectConfigurationPlatforms) = postSolution
		{3447756B-E52D-43F0-B3E2-43C3CA10475B}.Debug|Any CPU.ActiveCfg = Debug|Any CPU
		{3447756B-E52D-43F0-B3E2-43C3CA10475B}.Debug|Any CPU.Build.0 = Debug|Any CPU
		{3447756B-E52D-43F0-B3E2-43C3CA10475B}.Release|Any CPU.ActiveCfg = Release|Any CPU
		{3447756B-E52D-43F0-B3E2-43C3CA10475B}.Release|Any CPU.Build.0 = Release|Any CPU
		{7DA920E4-F0D7-4485-A3A2-C31931C37017}.Debug|Any CPU.ActiveCfg = Debug|Any CPU
		{7DA920E4-F0D7-4485-A3A2-C31931C37017}.Debug|Any CPU.Build.0 = Debug|Any CPU
		{7DA920E4-F0D7-4485-A3A2-C31931C37017}.Release|Any CPU.ActiveCfg = Release|Any CPU
		{7DA920E4-F0D7-4485-A3A2-C31931C37017}.Release|Any CPU.Build.0 = Release|Any CPU
		{30EBF382-AE09-4D0F-B9EB-9221C1ACB5EB}.Debug|Any CPU.ActiveCfg = Debug|Any CPU
		{30EBF382-AE09-4D0F-B9EB-9221C1ACB5EB}.Debug|Any CPU.Build.0 = Debug|Any CPU
		{30EBF382-AE09-4D0F-B9EB-9221C1ACB5EB}.Release|Any CPU.ActiveCfg = Release|Any CPU
		{30EBF382-AE09-4D0F-B9EB-9221C1ACB5EB}.Release|Any CPU.Build.0 = Release|Any CPU
	EndGlobalSection
	GlobalSection(SolutionProperties) = preSolution
		HideSolutionNode = FALSE
	EndGlobalSection
	GlobalSection(ExtensibilityGlobals) = postSolution
		SolutionGuid = {38913DFB-B7E3-4FF5-B8C3-ACB778777C73}
	EndGlobalSection
EndGlobal
